// !$*UTF8*$!
{
	archiveVersion = 1;
	classes = {
	};
	objectVersion = 46;
	objects = {

/* Begin PBXBuildFile section */
		148024571AA2E72B00586F74 /* main.cpp in Sources */ = {isa = PBXBuildFile; fileRef = 148024561AA2E72B00586F74 /* main.cpp */; };
/* End PBXBuildFile section */

/* Begin PBXCopyFilesBuildPhase section */
		148024511AA2E72B00586F74 /* CopyFiles */ = {
			isa = PBXCopyFilesBuildPhase;
			buildActionMask = 2147483647;
			dstPath = /usr/share/man/man1/;
			dstSubfolderSpec = 0;
			files = (
			);
			runOnlyForDeploymentPostprocessing = 1;
		};
/* End PBXCopyFilesBuildPhase section */

/* Begin PBXFileReference section */
		148024531AA2E72B00586F74 /* CS140-Lab4-RYGgame */ = {isa = PBXFileReference; explicitFileType = "compiled.mach-o.executable"; includeInIndex = 0; path = "CS140-Lab4-RYGgame"; sourceTree = BUILT_PRODUCTS_DIR; };
		148024561AA2E72B00586F74 /* main.cpp */ = {isa = PBXFileReference; lastKnownFileType = sourcecode.cpp.cpp; path = main.cpp; sourceTree = "<group>"; };
/* End PBXFileReference section */

/* Begin PBXFrameworksBuildPhase section */
		148024501AA2E72B00586F74 /* Frameworks */ = {
			isa = PBXFrameworksBuildPhase;
			buildActionMask = 2147483647;
			files = (
			);
			runOnlyForDeploymentPostprocessing = 0;
		};
/* End PBXFrameworksBuildPhase section */

/* Begin PBXGroup section */
		1480244A1AA2E72B00586F74 = {
			isa = PBXGroup;
			children = (
				148024551AA2E72B00586F74 /* CS140-Lab4-RYGgame */,
				148024541AA2E72B00586F74 /* Products */,
			);
			sourceTree = "<group>";
		};
		148024541AA2E72B00586F74 /* Products */ = {
			isa = PBXGroup;
			children = (
				148024531AA2E72B00586F74 /* CS140-Lab4-RYGgame */,
			);
			name = Products;
			sourceTree = "<group>";
		};
		148024551AA2E72B00586F74 /* CS140-Lab4-RYGgame */ = {
			isa = PBXGroup;
			children = (
				148024561AA2E72B00586F74 /* main.cpp */,
			);
			path = "CS140-Lab4-RYGgame";
			sourceTree = "<group>";
		};
/* End PBXGroup section */

/* Begin PBXNativeTarget section */
		148024521AA2E72B00586F74 /* CS140-Lab4-RYGgame */ = {
			isa = PBXNativeTarget;
			buildConfigurationList = 1480245A1AA2E72B00586F74 /* Build configuration list for PBXNativeTarget "CS140-Lab4-RYGgame" */;
			buildPhases = (
				1480244F1AA2E72B00586F74 /* Sources */,
				148024501AA2E72B00586F74 /* Frameworks */,
				148024511AA2E72B00586F74 /* CopyFiles */,
			);
			buildRules = (
			);
			dependencies = (
			);
			name = "CS140-Lab4-RYGgame";
			productName = "CS140-Lab4-RYGgame";
			productReference = 148024531AA2E72B00586F74 /* CS140-Lab4-RYGgame */;
			productType = "com.apple.product-type.tool";
		};
/* End PBXNativeTarget section */

/* Begin PBXProject section */
		1480244B1AA2E72B00586F74 /* Project object */ = {
			isa = PBXProject;
			attributes = {
				LastUpgradeCheck = 0610;
				ORGANIZATIONNAME = "Michael A. Gonzalez";
				TargetAttributes = {
					148024521AA2E72B00586F74 = {
						CreatedOnToolsVersion = 6.1.1;
					};
				};
			};
			buildConfigurationList = 1480244E1AA2E72B00586F74 /* Build configuration list for PBXProject "CS140-Lab4-RYGgame" */;
			compatibilityVersion = "Xcode 3.2";
			developmentRegion = English;
			hasScannedForEncodings = 0;
			knownRegions = (
				en,
			);
			mainGroup = 1480244A1AA2E72B00586F74;
			productRefGroup = 148024541AA2E72B00586F74 /* Products */;
			projectDirPath = "";
			projectRoot = "";
			targets = (
				148024521AA2E72B00586F74 /* CS140-Lab4-RYGgame */,
			);
		};
/* End PBXProject section */

/* Begin PBXSourcesBuildPhase section */
		1480244F1AA2E72B00586F74 /* Sources */ = {
			isa = PBXSourcesBuildPhase;
			buildActionMask = 2147483647;
			files = (
				148024571AA2E72B00586F74 /* main.cpp in Sources */,
			);
			runOnlyForDeploymentPostprocessing = 0;
		};
/* End PBXSourcesBuildPhase section */

/* Begin XCBuildConfiguration section */
		148024581AA2E72B00586F74 /* Debug */ = {
			isa = XCBuildConfiguration;
			buildSettings = {
				ALWAYS_SEARCH_USER_PATHS = NO;
				CLANG_CXX_LANGUAGE_STANDARD = "gnu++0x";
				CLANG_CXX_LIBRARY = "libc++";
				CLANG_ENABLE_MODULES = YES;
				CLANG_ENABLE_OBJC_ARC = YES;
				CLANG_WARN_BOOL_CONVERSION = YES;
				CLANG_WARN_CONSTANT_CONVERSION = YES;
				CLANG_WARN_DIRECT_OBJC_ISA_USAGE = YES_ERROR;
				CLANG_WARN_EMPTY_BODY = YES;
				CLANG_WARN_ENUM_CONVERSION = YES;
				CLANG_WARN_INT_CONVERSION = YES;
				CLANG_WARN_OBJC_ROOT_CLASS = YES_ERROR;
				CLANG_WARN_UNREACHABLE_CODE = YES;
				CLANG_WARN__DUPLICATE_METHOD_MATCH = YES;
				COPY_PHASE_STRIP = NO;
				ENABLE_STRICT_OBJC_MSGSEND = YES;
				GCC_C_LANGUAGE_STANDARD = gnu99;
				GCC_DYNAMIC_NO_PIC = NO;
				GCC_OPTIMIZATION_LEVEL = 0;
				GCC_PREPROCESSOR_DEFINITIONS = (
					"DEBUG=1",
					"$(inherited)",
				);
				GCC_SYMBOLS_PRIVATE_EXTERN = NO;
				GCC_WARN_64_TO_32_BIT_CONVERSION = YES;
				GCC_WARN_ABOUT_RETURN_TYPE = YES_ERROR;
				GCC_WARN_UNDECLARED_SELECTOR = YES;
				GCC_WARN_UNINITIALIZED_AUTOS = YES_AGGRESSIVE;
				GCC_WARN_UNUSED_FUNCTION = YES;
				GCC_WARN_UNUSED_VARIABLE = YES;
				MACOSX_DEPLOYMENT_TARGET = 10.10;
				MTL_ENABLE_DEBUG_INFO = YES;
				ONLY_ACTIVE_ARCH = YES;
				SDKROOT = macosx;
			};
			name = Debug;
		};
		148024591AA2E72B00586F74 /* Release */ = {
			isa = XCBuildConfiguration;
			buildSettings = {
				ALWAYS_SEARCH_USER_PATHS = NO;
				CLANG_CXX_LANGUAGE_STANDARD = "gnu++0x";
				CLANG_CXX_LIBRARY = "libc++";
				CLANG_ENABLE_MODULES = YES;
				CLANG_ENABLE_OBJC_ARC = YES;
				CLANG_WARN_BOOL_CONVERSION = YES;
				CLANG_WARN_CONSTANT_CONVERSION = YES;
				CLANG_WARN_DIRECT_OBJC_ISA_USAGE = YES_ERROR;
				CLANG_WARN_EMPTY_BODY = YES;
				CLANG_WARN_ENUM_CONVERSION = YES;
				CLANG_WARN_INT_CONVERSION = YES;
				CLANG_WARN_OBJC_ROOT_CLASS = YES_ERROR;
				CLANG_WARN_UNREACHABLE_CODE = YES;
				CLANG_WARN__DUPLICATE_METHOD_MATCH = YES;
				COPY_PHASE_STRIP = YES;
				DEBUG_INFORMATION_FORMAT = "dwarf-with-dsym";
				ENABLE_NS_ASSERTIONS = NO;
				ENABLE_STRICT_OBJC_MSGSEND = YES;
				GCC_C_LANGUAGE_STANDARD = gnu99;
				GCC_WARN_64_TO_32_BIT_CONVERSION = YES;
				GCC_WARN_ABOUT_RETURN_TYPE = YES_ERROR;
				GCC_WARN_UNDECLARED_SELECTOR = YES;
				GCC_WARN_UNINITIALIZED_AUTOS = YES_AGGRESSIVE;
				GCC_WARN_UNUSED_FUNCTION = YES;
				GCC_WARN_UNUSED_VARIABLE = YES;
				MACOSX_DEPLOYMENT_TARGET = 10.10;
				MTL_ENABLE_DEBUG_INFO = NO;
				SDKROOT = macosx;
			};
			name = Release;
		};
		1480245B1AA2E72B00586F74 /* Debug */ = {
			isa = XCBuildConfiguration;
			buildSettings = {
				PRODUCT_NAME = "$(TARGET_NAME)";
			};
			name = Debug;
		};
		1480245C1AA2E72B00586F74 /* Release */ = {
			isa = XCBuildConfiguration;
			buildSettings = {
				PRODUCT_NAME = "$(TARGET_NAME)";
			};
			name = Release;
		};
/* End XCBuildConfiguration section */

/* Begin XCConfigurationList section */
		1480244E1AA2E72B00586F74 /* Build configuration list for PBXProject "CS140-Lab4-RYGgame" */ = {
			isa = XCConfigurationList;
			buildConfigurations = (
				148024581AA2E72B00586F74 /* Debug */,
				148024591AA2E72B00586F74 /* Release */,
			);
			defaultConfigurationIsVisible = 0;
			defaultConfigurationName = Release;
		};
		1480245A1AA2E72B00586F74 /* Build configuration list for PBXNativeTarget "CS140-Lab4-RYGgame" */ = {
			isa = XCConfigurationList;
			buildConfigurations = (
				1480245B1AA2E72B00586F74 /* Debug */,
				1480245C1AA2E72B00586F74 /* Release */,
			);
			defaultConfigurationIsVisible = 0;
			defaultConfigurationName = Release;
		};
/* End XCConfigurationList section */
	};
	rootObject = 1480244B1AA2E72B00586F74 /* Project object */;
}
