// !$*UTF8*$!
{
	archiveVersion = 1;
	classes = {
	};
	objectVersion = 46;
	objects = {

/* Begin PBXBuildFile section */
		140EC6D61AC0C5EB00873496 /* main.cpp in Sources */ = {isa = PBXBuildFile; fileRef = 140EC6D51AC0C5EB00873496 /* main.cpp */; };
/* End PBXBuildFile section */

/* Begin PBXCopyFilesBuildPhase section */
		140EC6D01AC0C5EB00873496 /* CopyFiles */ = {
			isa = PBXCopyFilesBuildPhase;
			buildActionMask = 2147483647;
			dstPath = /usr/share/man/man1/;
			dstSubfolderSpec = 0;
			files = (
			);
			runOnlyForDeploymentPostprocessing = 1;
		};
/* End PBXCopyFilesBuildPhase section */

/* Begin PBXFileReference section */
		140EC6D21AC0C5EB00873496 /* CS140-Lab7-Soundex */ = {isa = PBXFileReference; explicitFileType = "compiled.mach-o.executable"; includeInIndex = 0; path = "CS140-Lab7-Soundex"; sourceTree = BUILT_PRODUCTS_DIR; };
		140EC6D51AC0C5EB00873496 /* main.cpp */ = {isa = PBXFileReference; lastKnownFileType = sourcecode.cpp.cpp; path = main.cpp; sourceTree = "<group>"; };
/* End PBXFileReference section */

/* Begin PBXFrameworksBuildPhase section */
		140EC6CF1AC0C5EB00873496 /* Frameworks */ = {
			isa = PBXFrameworksBuildPhase;
			buildActionMask = 2147483647;
			files = (
			);
			runOnlyForDeploymentPostprocessing = 0;
		};
/* End PBXFrameworksBuildPhase section */

/* Begin PBXGroup section */
		140EC6C91AC0C5EB00873496 = {
			isa = PBXGroup;
			children = (
				140EC6D41AC0C5EB00873496 /* CS140-Lab7-Soundex */,
				140EC6D31AC0C5EB00873496 /* Products */,
			);
			sourceTree = "<group>";
		};
		140EC6D31AC0C5EB00873496 /* Products */ = {
			isa = PBXGroup;
			children = (
				140EC6D21AC0C5EB00873496 /* CS140-Lab7-Soundex */,
			);
			name = Products;
			sourceTree = "<group>";
		};
		140EC6D41AC0C5EB00873496 /* CS140-Lab7-Soundex */ = {
			isa = PBXGroup;
			children = (
				140EC6D51AC0C5EB00873496 /* main.cpp */,
			);
			path = "CS140-Lab7-Soundex";
			sourceTree = "<group>";
		};
/* End PBXGroup section */

/* Begin PBXNativeTarget section */
		140EC6D11AC0C5EB00873496 /* CS140-Lab7-Soundex */ = {
			isa = PBXNativeTarget;
			buildConfigurationList = 140EC6D91AC0C5EB00873496 /* Build configuration list for PBXNativeTarget "CS140-Lab7-Soundex" */;
			buildPhases = (
				140EC6CE1AC0C5EB00873496 /* Sources */,
				140EC6CF1AC0C5EB00873496 /* Frameworks */,
				140EC6D01AC0C5EB00873496 /* CopyFiles */,
			);
			buildRules = (
			);
			dependencies = (
			);
			name = "CS140-Lab7-Soundex";
			productName = "CS140-Lab7-Soundex";
			productReference = 140EC6D21AC0C5EB00873496 /* CS140-Lab7-Soundex */;
			productType = "com.apple.product-type.tool";
		};
/* End PBXNativeTarget section */

/* Begin PBXProject section */
		140EC6CA1AC0C5EB00873496 /* Project object */ = {
			isa = PBXProject;
			attributes = {
				LastUpgradeCheck = 0620;
				ORGANIZATIONNAME = "Michael A. Gonzalez";
				TargetAttributes = {
					140EC6D11AC0C5EB00873496 = {
						CreatedOnToolsVersion = 6.2;
					};
				};
			};
			buildConfigurationList = 140EC6CD1AC0C5EB00873496 /* Build configuration list for PBXProject "CS140-Lab7-Soundex" */;
			compatibilityVersion = "Xcode 3.2";
			developmentRegion = English;
			hasScannedForEncodings = 0;
			knownRegions = (
				en,
			);
			mainGroup = 140EC6C91AC0C5EB00873496;
			productRefGroup = 140EC6D31AC0C5EB00873496 /* Products */;
			projectDirPath = "";
			projectRoot = "";
			targets = (
				140EC6D11AC0C5EB00873496 /* CS140-Lab7-Soundex */,
			);
		};
/* End PBXProject section */

/* Begin PBXSourcesBuildPhase section */
		140EC6CE1AC0C5EB00873496 /* Sources */ = {
			isa = PBXSourcesBuildPhase;
			buildActionMask = 2147483647;
			files = (
				140EC6D61AC0C5EB00873496 /* main.cpp in Sources */,
			);
			runOnlyForDeploymentPostprocessing = 0;
		};
/* End PBXSourcesBuildPhase section */

/* Begin XCBuildConfiguration section */
		140EC6D71AC0C5EB00873496 /* Debug */ = {
			isa = XCBuildConfiguration;
			buildSettings = {
				ALWAYS_SEARCH_USER_PATHS = NO;
				CLANG_CXX_LANGUAGE_STANDARD = "gnu++0x";
				CLANG_CXX_LIBRARY = "libc++";
				CLANG_ENABLE_MODULES = YES;
				CLANG_ENABLE_OBJC_ARC = YES;
				CLANG_WARN_BOOL_CONVERSION = YES;
				CLANG_WARN_CONSTANT_CONVERSION = YES;
				CLANG_WARN_DIRECT_OBJC_ISA_USAGE = YES_ERROR;
				CLANG_WARN_EMPTY_BODY = YES;
				CLANG_WARN_ENUM_CONVERSION = YES;
				CLANG_WARN_INT_CONVERSION = YES;
				CLANG_WARN_OBJC_ROOT_CLASS = YES_ERROR;
				CLANG_WARN_UNREACHABLE_CODE = YES;
				CLANG_WARN__DUPLICATE_METHOD_MATCH = YES;
				COPY_PHASE_STRIP = NO;
				ENABLE_STRICT_OBJC_MSGSEND = YES;
				GCC_C_LANGUAGE_STANDARD = gnu99;
				GCC_DYNAMIC_NO_PIC = NO;
				GCC_OPTIMIZATION_LEVEL = 0;
				GCC_PREPROCESSOR_DEFINITIONS = (
					"DEBUG=1",
					"$(inherited)",
				);
				GCC_SYMBOLS_PRIVATE_EXTERN = NO;
				GCC_WARN_64_TO_32_BIT_CONVERSION = YES;
				GCC_WARN_ABOUT_RETURN_TYPE = YES_ERROR;
				GCC_WARN_UNDECLARED_SELECTOR = YES;
				GCC_WARN_UNINITIALIZED_AUTOS = YES_AGGRESSIVE;
				GCC_WARN_UNUSED_FUNCTION = YES;
				GCC_WARN_UNUSED_VARIABLE = YES;
				MACOSX_DEPLOYMENT_TARGET = 10.10;
				MTL_ENABLE_DEBUG_INFO = YES;
				ONLY_ACTIVE_ARCH = YES;
				SDKROOT = macosx;
			};
			name = Debug;
		};
		140EC6D81AC0C5EB00873496 /* Release */ = {
			isa = XCBuildConfiguration;
			buildSettings = {
				ALWAYS_SEARCH_USER_PATHS = NO;
				CLANG_CXX_LANGUAGE_STANDARD = "gnu++0x";
				CLANG_CXX_LIBRARY = "libc++";
				CLANG_ENABLE_MODULES = YES;
				CLANG_ENABLE_OBJC_ARC = YES;
				CLANG_WARN_BOOL_CONVERSION = YES;
				CLANG_WARN_CONSTANT_CONVERSION = YES;
				CLANG_WARN_DIRECT_OBJC_ISA_USAGE = YES_ERROR;
				CLANG_WARN_EMPTY_BODY = YES;
				CLANG_WARN_ENUM_CONVERSION = YES;
				CLANG_WARN_INT_CONVERSION = YES;
				CLANG_WARN_OBJC_ROOT_CLASS = YES_ERROR;
				CLANG_WARN_UNREACHABLE_CODE = YES;
				CLANG_WARN__DUPLICATE_METHOD_MATCH = YES;
				COPY_PHASE_STRIP = NO;
				DEBUG_INFORMATION_FORMAT = "dwarf-with-dsym";
				ENABLE_NS_ASSERTIONS = NO;
				ENABLE_STRICT_OBJC_MSGSEND = YES;
				GCC_C_LANGUAGE_STANDARD = gnu99;
				GCC_WARN_64_TO_32_BIT_CONVERSION = YES;
				GCC_WARN_ABOUT_RETURN_TYPE = YES_ERROR;
				GCC_WARN_UNDECLARED_SELECTOR = YES;
				GCC_WARN_UNINITIALIZED_AUTOS = YES_AGGRESSIVE;
				GCC_WARN_UNUSED_FUNCTION = YES;
				GCC_WARN_UNUSED_VARIABLE = YES;
				MACOSX_DEPLOYMENT_TARGET = 10.10;
				MTL_ENABLE_DEBUG_INFO = NO;
				SDKROOT = macosx;
			};
			name = Release;
		};
		140EC6DA1AC0C5EB00873496 /* Debug */ = {
			isa = XCBuildConfiguration;
			buildSettings = {
				PRODUCT_NAME = "$(TARGET_NAME)";
			};
			name = Debug;
		};
		140EC6DB1AC0C5EB00873496 /* Release */ = {
			isa = XCBuildConfiguration;
			buildSettings = {
				PRODUCT_NAME = "$(TARGET_NAME)";
			};
			name = Release;
		};
/* End XCBuildConfiguration section */

/* Begin XCConfigurationList section */
		140EC6CD1AC0C5EB00873496 /* Build configuration list for PBXProject "CS140-Lab7-Soundex" */ = {
			isa = XCConfigurationList;
			buildConfigurations = (
				140EC6D71AC0C5EB00873496 /* Debug */,
				140EC6D81AC0C5EB00873496 /* Release */,
			);
			defaultConfigurationIsVisible = 0;
			defaultConfigurationName = Release;
		};
		140EC6D91AC0C5EB00873496 /* Build configuration list for PBXNativeTarget "CS140-Lab7-Soundex" */ = {
			isa = XCConfigurationList;
			buildConfigurations = (
				140EC6DA1AC0C5EB00873496 /* Debug */,
				140EC6DB1AC0C5EB00873496 /* Release */,
			);
			defaultConfigurationIsVisible = 0;
		};
/* End XCConfigurationList section */
	};
	rootObject = 140EC6CA1AC0C5EB00873496 /* Project object */;
}
